// !$*UTF8*$!
{
	archiveVersion = 1;
	classes = {
	};
	objectVersion = 77;
	objects = {

/* Begin PBXBuildFile section */
		072EF627D10D81E43AF746DF /* CodeInputView.swift in Sources */ = {isa = PBXBuildFile; fileRef = B7E3ACE448FF60D88F283C1C /* CodeInputView.swift */; };
		165303CA18CDBB9E35B8AE44 /* QRCodeGenerator.swift in Sources */ = {isa = PBXBuildFile; fileRef = 893B0D2614B65F95BDEFAC52 /* QRCodeGenerator.swift */; };
		25D2004C5448A36D8C0BAEA0 /* InlineBundler.swift in Sources */ = {isa = PBXBuildFile; fileRef = 1171FCEE297A7A78C24CF34A /* InlineBundler.swift */; };
		3790127DE5E047B1744278A6 /* DataPayload.swift in Sources */ = {isa = PBXBuildFile; fileRef = 11CBA40CBDBA8B43E950D4A8 /* DataPayload.swift */; };
		392E5897A9A8CA628D42D4DA /* MetadataFormView.swift in Sources */ = {isa = PBXBuildFile; fileRef = 8F658C1BDF87405EEB86C76F /* MetadataFormView.swift */; };
		42CDB79A198A854760E92213 /* ContentView.swift in Sources */ = {isa = PBXBuildFile; fileRef = 7803B30ECF9F54CF6830F683 /* ContentView.swift */; };
		50A19AE55292326B10606886 /* AdvancedOptionsView.swift in Sources */ = {isa = PBXBuildFile; fileRef = FDB51DB106865083ADEA3B07 /* AdvancedOptionsView.swift */; };
		519D1B6C9787BCA3DF9413D6 /* RecentProjects.swift in Sources */ = {isa = PBXBuildFile; fileRef = 940A7769B978F3985F73234D /* RecentProjects.swift */; };
		61D29AA9A5CF6D6F2693DF02 /* CLI.swift in Sources */ = {isa = PBXBuildFile; fileRef = 2BD0F17D14555EE23E668BA3 /* CLI.swift */; };
		717C070E35768C7D5D20BAD5 /* EntryPoint.swift in Sources */ = {isa = PBXBuildFile; fileRef = 9E2AB0DFB9471E2106300D93 /* EntryPoint.swift */; };
		80E38188D0AE5A2ED5462496 /* AppConfig.swift in Sources */ = {isa = PBXBuildFile; fileRef = 625A2220CA11DD0F23EF74C4 /* AppConfig.swift */; };
		8E726F6609553ED9AA3C43E4 /* ImageProcessor.swift in Sources */ = {isa = PBXBuildFile; fileRef = 09A79685E8B9279AAC7FA194 /* ImageProcessor.swift */; };
		8FDF5B7CBFBC488939C082BD /* Localization.swift in Sources */ = {isa = PBXBuildFile; fileRef = 975668F79AE8FC536C3ADE61 /* Localization.swift */; };
		9757E7D088D7830163043FCA /* Assets.xcassets in Resources */ = {isa = PBXBuildFile; fileRef = 53CC6009A5FFB49893849F51 /* Assets.xcassets */; };
		C2CD3A868EF0C989D5DF1C44 /* App.swift in Sources */ = {isa = PBXBuildFile; fileRef = 123A3DF6517D3D21EF8CA4DF /* App.swift */; };
		EA8636DCEBFBECA627601194 /* CompressionService.swift in Sources */ = {isa = PBXBuildFile; fileRef = EB65CBB522C1AE44ADFFDCB9 /* CompressionService.swift */; };
		FDA9BCED903B9FE76045AD72 /* LoaderHTMLTemplate.swift in Sources */ = {isa = PBXBuildFile; fileRef = BAEE279FE91048D4B70F557D /* LoaderHTMLTemplate.swift */; };
		FE0C644BBA07DEC7FFE7A71B /* PNGEncoder.swift in Sources */ = {isa = PBXBuildFile; fileRef = 620B0F5F7D5D4F6C4A2F0AB5 /* PNGEncoder.swift */; };
/* End PBXBuildFile section */

/* Begin PBXFileReference section */
		09A79685E8B9279AAC7FA194 /* ImageProcessor.swift */ = {isa = PBXFileReference; lastKnownFileType = sourcecode.swift; path = ImageProcessor.swift; sourceTree = "<group>"; };
		1171FCEE297A7A78C24CF34A /* InlineBundler.swift */ = {isa = PBXFileReference; lastKnownFileType = sourcecode.swift; path = InlineBundler.swift; sourceTree = "<group>"; };
		11CBA40CBDBA8B43E950D4A8 /* DataPayload.swift */ = {isa = PBXFileReference; lastKnownFileType = sourcecode.swift; path = DataPayload.swift; sourceTree = "<group>"; };
		123A3DF6517D3D21EF8CA4DF /* App.swift */ = {isa = PBXFileReference; lastKnownFileType = sourcecode.swift; path = App.swift; sourceTree = "<group>"; };
		1757E61ACDECEC3CA1009FC1 /* FloppyQR.app */ = {isa = PBXFileReference; explicitFileType = wrapper.application; includeInIndex = 0; path = FloppyQR.app; sourceTree = BUILT_PRODUCTS_DIR; };
		2BD0F17D14555EE23E668BA3 /* CLI.swift */ = {isa = PBXFileReference; lastKnownFileType = sourcecode.swift; path = CLI.swift; sourceTree = "<group>"; };
		53CC6009A5FFB49893849F51 /* Assets.xcassets */ = {isa = PBXFileReference; lastKnownFileType = folder.assetcatalog; path = Assets.xcassets; sourceTree = "<group>"; };
		620B0F5F7D5D4F6C4A2F0AB5 /* PNGEncoder.swift */ = {isa = PBXFileReference; lastKnownFileType = sourcecode.swift; path = PNGEncoder.swift; sourceTree = "<group>"; };
		625A2220CA11DD0F23EF74C4 /* AppConfig.swift */ = {isa = PBXFileReference; lastKnownFileType = sourcecode.swift; path = AppConfig.swift; sourceTree = "<group>"; };
		7803B30ECF9F54CF6830F683 /* ContentView.swift */ = {isa = PBXFileReference; lastKnownFileType = sourcecode.swift; path = ContentView.swift; sourceTree = "<group>"; };
		841FC13969C0C277855BC113 /* Info.plist */ = {isa = PBXFileReference; lastKnownFileType = text.plist; path = Info.plist; sourceTree = "<group>"; };
		893B0D2614B65F95BDEFAC52 /* QRCodeGenerator.swift */ = {isa = PBXFileReference; lastKnownFileType = sourcecode.swift; path = QRCodeGenerator.swift; sourceTree = "<group>"; };
		8F658C1BDF87405EEB86C76F /* MetadataFormView.swift */ = {isa = PBXFileReference; lastKnownFileType = sourcecode.swift; path = MetadataFormView.swift; sourceTree = "<group>"; };
		940A7769B978F3985F73234D /* RecentProjects.swift */ = {isa = PBXFileReference; lastKnownFileType = sourcecode.swift; path = RecentProjects.swift; sourceTree = "<group>"; };
		975668F79AE8FC536C3ADE61 /* Localization.swift */ = {isa = PBXFileReference; lastKnownFileType = sourcecode.swift; path = Localization.swift; sourceTree = "<group>"; };
		9E2AB0DFB9471E2106300D93 /* EntryPoint.swift */ = {isa = PBXFileReference; lastKnownFileType = sourcecode.swift; path = EntryPoint.swift; sourceTree = "<group>"; };
		B7E3ACE448FF60D88F283C1C /* CodeInputView.swift */ = {isa = PBXFileReference; lastKnownFileType = sourcecode.swift; path = CodeInputView.swift; sourceTree = "<group>"; };
		BAEE279FE91048D4B70F557D /* LoaderHTMLTemplate.swift */ = {isa = PBXFileReference; lastKnownFileType = sourcecode.swift; path = LoaderHTMLTemplate.swift; sourceTree = "<group>"; };
		EB65CBB522C1AE44ADFFDCB9 /* CompressionService.swift */ = {isa = PBXFileReference; lastKnownFileType = sourcecode.swift; path = CompressionService.swift; sourceTree = "<group>"; };
		FDB51DB106865083ADEA3B07 /* AdvancedOptionsView.swift */ = {isa = PBXFileReference; lastKnownFileType = sourcecode.swift; path = AdvancedOptionsView.swift; sourceTree = "<group>"; };
/* End PBXFileReference section */

/* Begin PBXGroup section */
		2EB6C2E1FADA55CA9A728BEE /* Models */ = {
			isa = PBXGroup;
			children = (
				625A2220CA11DD0F23EF74C4 /* AppConfig.swift */,
				11CBA40CBDBA8B43E950D4A8 /* DataPayload.swift */,
				BAEE279FE91048D4B70F557D /* LoaderHTMLTemplate.swift */,
				975668F79AE8FC536C3ADE61 /* Localization.swift */,
				940A7769B978F3985F73234D /* RecentProjects.swift */,
			);
			path = Models;
			sourceTree = "<group>";
		};
		4DE9F7916077DCB71F5CAA3C = {
			isa = PBXGroup;
			children = (
				D16F4DA0E2078696E7BC529C /* 数字软盘生成器 */,
				F55412C7FAB7B7E7AF66B98C /* Products */,
			);
			sourceTree = "<group>";
		};
		BFF625E0BC42430523F67AF0 /* Services */ = {
			isa = PBXGroup;
			children = (
				EB65CBB522C1AE44ADFFDCB9 /* CompressionService.swift */,
				09A79685E8B9279AAC7FA194 /* ImageProcessor.swift */,
				1171FCEE297A7A78C24CF34A /* InlineBundler.swift */,
				620B0F5F7D5D4F6C4A2F0AB5 /* PNGEncoder.swift */,
				893B0D2614B65F95BDEFAC52 /* QRCodeGenerator.swift */,
			);
			path = Services;
			sourceTree = "<group>";
		};
		CF391675FFA86DC8BA1289AE /* Views */ = {
			isa = PBXGroup;
			children = (
				FDB51DB106865083ADEA3B07 /* AdvancedOptionsView.swift */,
				B7E3ACE448FF60D88F283C1C /* CodeInputView.swift */,
				8F658C1BDF87405EEB86C76F /* MetadataFormView.swift */,
			);
			path = Views;
			sourceTree = "<group>";
		};
		D16F4DA0E2078696E7BC529C /* 数字软盘生成器 */ = {
			isa = PBXGroup;
			children = (
				123A3DF6517D3D21EF8CA4DF /* App.swift */,
				53CC6009A5FFB49893849F51 /* Assets.xcassets */,
				2BD0F17D14555EE23E668BA3 /* CLI.swift */,
				7803B30ECF9F54CF6830F683 /* ContentView.swift */,
				9E2AB0DFB9471E2106300D93 /* EntryPoint.swift */,
				841FC13969C0C277855BC113 /* Info.plist */,
				2EB6C2E1FADA55CA9A728BEE /* Models */,
				BFF625E0BC42430523F67AF0 /* Services */,
				CF391675FFA86DC8BA1289AE /* Views */,
			);
			path = "数字软盘生成器";
			sourceTree = "<group>";
		};
		F55412C7FAB7B7E7AF66B98C /* Products */ = {
			isa = PBXGroup;
			children = (
				1757E61ACDECEC3CA1009FC1 /* FloppyQR.app */,
			);
			name = Products;
			sourceTree = "<group>";
		};
/* End PBXGroup section */

/* Begin PBXNativeTarget section */
		2CD8DDEA95B5DADB30A0CDA5 /* FloppyQR */ = {
			isa = PBXNativeTarget;
			buildConfigurationList = 461050A9EC2CA103FB71EA9C /* Build configuration list for PBXNativeTarget "FloppyQR" */;
			buildPhases = (
				A3E622D296AF4291C050F09C /* Sources */,
				5A3002907EF534BCC7A6E3E7 /* Resources */,
			);
			buildRules = (
			);
			dependencies = (
			);
			name = FloppyQR;
			packageProductDependencies = (
			);
			productName = FloppyQR;
			productReference = 1757E61ACDECEC3CA1009FC1 /* FloppyQR.app */;
			productType = "com.apple.product-type.application";
		};
/* End PBXNativeTarget section */

/* Begin PBXProject section */
		936DE8F13EDC4109725C1EBF /* Project object */ = {
			isa = PBXProject;
			attributes = {
				BuildIndependentTargetsInParallel = YES;
				LastUpgradeCheck = 1430;
				TargetAttributes = {
					2CD8DDEA95B5DADB30A0CDA5 = {
						ProvisioningStyle = Automatic;
					};
				};
			};
			buildConfigurationList = 29BA36D7827D5AF875182F02 /* Build configuration list for PBXProject "FloppyQR" */;
			developmentRegion = en;
			hasScannedForEncodings = 0;
			knownRegions = (
				Base,
				en,
			);
			mainGroup = 4DE9F7916077DCB71F5CAA3C;
			minimizedProjectReferenceProxies = 1;
			preferredProjectObjectVersion = 77;
			productRefGroup = F55412C7FAB7B7E7AF66B98C /* Products */;
			projectDirPath = "";
			projectRoot = "";
			targets = (
				2CD8DDEA95B5DADB30A0CDA5 /* FloppyQR */,
			);
		};
/* End PBXProject section */

/* Begin PBXResourcesBuildPhase section */
		5A3002907EF534BCC7A6E3E7 /* Resources */ = {
			isa = PBXResourcesBuildPhase;
			buildActionMask = 2147483647;
			files = (
				9757E7D088D7830163043FCA /* Assets.xcassets in Resources */,
			);
			runOnlyForDeploymentPostprocessing = 0;
		};
/* End PBXResourcesBuildPhase section */

/* Begin PBXSourcesBuildPhase section */
		A3E622D296AF4291C050F09C /* Sources */ = {
			isa = PBXSourcesBuildPhase;
			buildActionMask = 2147483647;
			files = (
				50A19AE55292326B10606886 /* AdvancedOptionsView.swift in Sources */,
				C2CD3A868EF0C989D5DF1C44 /* App.swift in Sources */,
				80E38188D0AE5A2ED5462496 /* AppConfig.swift in Sources */,
				61D29AA9A5CF6D6F2693DF02 /* CLI.swift in Sources */,
				072EF627D10D81E43AF746DF /* CodeInputView.swift in Sources */,
				EA8636DCEBFBECA627601194 /* CompressionService.swift in Sources */,
				42CDB79A198A854760E92213 /* ContentView.swift in Sources */,
				3790127DE5E047B1744278A6 /* DataPayload.swift in Sources */,
				717C070E35768C7D5D20BAD5 /* EntryPoint.swift in Sources */,
				8E726F6609553ED9AA3C43E4 /* ImageProcessor.swift in Sources */,
				25D2004C5448A36D8C0BAEA0 /* InlineBundler.swift in Sources */,
				FDA9BCED903B9FE76045AD72 /* LoaderHTMLTemplate.swift in Sources */,
				8FDF5B7CBFBC488939C082BD /* Localization.swift in Sources */,
				392E5897A9A8CA628D42D4DA /* MetadataFormView.swift in Sources */,
				FE0C644BBA07DEC7FFE7A71B /* PNGEncoder.swift in Sources */,
				165303CA18CDBB9E35B8AE44 /* QRCodeGenerator.swift in Sources */,
				519D1B6C9787BCA3DF9413D6 /* RecentProjects.swift in Sources */,
			);
			runOnlyForDeploymentPostprocessing = 0;
		};
/* End PBXSourcesBuildPhase section */

/* Begin XCBuildConfiguration section */
		02DB6E683D51D311D6EF7D6E /* Release */ = {
			isa = XCBuildConfiguration;
			buildSettings = {
				ALWAYS_SEARCH_USER_PATHS = NO;
				CLANG_ANALYZER_NONNULL = YES;
				CLANG_ANALYZER_NUMBER_OBJECT_CONVERSION = YES_AGGRESSIVE;
				CLANG_CXX_LANGUAGE_STANDARD = "gnu++14";
				CLANG_CXX_LIBRARY = "libc++";
				CLANG_ENABLE_MODULES = YES;
				CLANG_ENABLE_OBJC_ARC = YES;
				CLANG_ENABLE_OBJC_WEAK = YES;
				CLANG_WARN_BLOCK_CAPTURE_AUTORELEASING = YES;
				CLANG_WARN_BOOL_CONVERSION = YES;
				CLANG_WARN_COMMA = YES;
				CLANG_WARN_CONSTANT_CONVERSION = YES;
				CLANG_WARN_DEPRECATED_OBJC_IMPLEMENTATIONS = YES;
				CLANG_WARN_DIRECT_OBJC_ISA_USAGE = YES_ERROR;
				CLANG_WARN_DOCUMENTATION_COMMENTS = YES;
				CLANG_WARN_EMPTY_BODY = YES;
				CLANG_WARN_ENUM_CONVERSION = YES;
				CLANG_WARN_INFINITE_RECURSION = YES;
				CLANG_WARN_INT_CONVERSION = YES;
				CLANG_WARN_NON_LITERAL_NULL_CONVERSION = YES;
				CLANG_WARN_OBJC_IMPLICIT_RETAIN_SELF = YES;
				CLANG_WARN_OBJC_LITERAL_CONVERSION = YES;
				CLANG_WARN_OBJC_ROOT_CLASS = YES_ERROR;
				CLANG_WARN_QUOTED_INCLUDE_IN_FRAMEWORK_HEADER = YES;
				CLANG_WARN_RANGE_LOOP_ANALYSIS = YES;
				CLANG_WARN_STRICT_PROTOTYPES = YES;
				CLANG_WARN_SUSPICIOUS_MOVE = YES;
				CLANG_WARN_UNGUARDED_AVAILABILITY = YES_AGGRESSIVE;
				CLANG_WARN_UNREACHABLE_CODE = YES;
				CLANG_WARN__DUPLICATE_METHOD_MATCH = YES;
				COPY_PHASE_STRIP = NO;
				DEBUG_INFORMATION_FORMAT = "dwarf-with-dsym";
				ENABLE_NS_ASSERTIONS = NO;
				ENABLE_STRICT_OBJC_MSGSEND = YES;
				GCC_C_LANGUAGE_STANDARD = gnu11;
				GCC_NO_COMMON_BLOCKS = YES;
				GCC_WARN_64_TO_32_BIT_CONVERSION = YES;
				GCC_WARN_ABOUT_RETURN_TYPE = YES_ERROR;
				GCC_WARN_UNDECLARED_SELECTOR = YES;
				GCC_WARN_UNINITIALIZED_AUTOS = YES_AGGRESSIVE;
				GCC_WARN_UNUSED_FUNCTION = YES;
				GCC_WARN_UNUSED_VARIABLE = YES;
				MACOSX_DEPLOYMENT_TARGET = 12.0;
				MTL_ENABLE_DEBUG_INFO = NO;
				MTL_FAST_MATH = YES;
				PRODUCT_NAME = "$(TARGET_NAME)";
				SDKROOT = macosx;
				SWIFT_COMPILATION_MODE = wholemodule;
				SWIFT_OPTIMIZATION_LEVEL = "-O";
				SWIFT_VERSION = 5.7;
			};
			name = Release;
		};
		5AE2DB72E376CC9BE520175B /* Release */ = {
			isa = XCBuildConfiguration;
			buildSettings = {
				ASSETCATALOG_COMPILER_APPICON_NAME = AppIcon;
				CODE_SIGN_STYLE = Automatic;
				COMBINE_HIDPI_IMAGES = YES;
				INFOPLIST_FILE = "数字软盘生成器/Info.plist";
				LD_RUNPATH_SEARCH_PATHS = (
					"$(inherited)",
					"@executable_path/../Frameworks",
				);
				MACOSX_DEPLOYMENT_TARGET = 12.0;
				PRODUCT_BUNDLE_IDENTIFIER = com.digitalfloppy.FloppyQR;
				SDKROOT = macosx;
			};
			name = Release;
		};
		A2E117BCF101258F45B93B75 /* Debug */ = {
			isa = XCBuildConfiguration;
			buildSettings = {
				ALWAYS_SEARCH_USER_PATHS = NO;
				CLANG_ANALYZER_NONNULL = YES;
				CLANG_ANALYZER_NUMBER_OBJECT_CONVERSION = YES_AGGRESSIVE;
				CLANG_CXX_LANGUAGE_STANDARD = "gnu++14";
				CLANG_CXX_LIBRARY = "libc++";
				CLANG_ENABLE_MODULES = YES;
				CLANG_ENABLE_OBJC_ARC = YES;
				CLANG_ENABLE_OBJC_WEAK = YES;
				CLANG_WARN_BLOCK_CAPTURE_AUTORELEASING = YES;
				CLANG_WARN_BOOL_CONVERSION = YES;
				CLANG_WARN_COMMA = YES;
				CLANG_WARN_CONSTANT_CONVERSION = YES;
				CLANG_WARN_DEPRECATED_OBJC_IMPLEMENTATIONS = YES;
				CLANG_WARN_DIRECT_OBJC_ISA_USAGE = YES_ERROR;
				CLANG_WARN_DOCUMENTATION_COMMENTS = YES;
				CLANG_WARN_EMPTY_BODY = YES;
				CLANG_WARN_ENUM_CONVERSION = YES;
				CLANG_WARN_INFINITE_RECURSION = YES;
				CLANG_WARN_INT_CONVERSION = YES;
				CLANG_WARN_NON_LITERAL_NULL_CONVERSION = YES;
				CLANG_WARN_OBJC_IMPLICIT_RETAIN_SELF = YES;
				CLANG_WARN_OBJC_LITERAL_CONVERSION = YES;
				CLANG_WARN_OBJC_ROOT_CLASS = YES_ERROR;
				CLANG_WARN_QUOTED_INCLUDE_IN_FRAMEWORK_HEADER = YES;
				CLANG_WARN_RANGE_LOOP_ANALYSIS = YES;
				CLANG_WARN_STRICT_PROTOTYPES = YES;
				CLANG_WARN_SUSPICIOUS_MOVE = YES;
				CLANG_WARN_UNGUARDED_AVAILABILITY = YES_AGGRESSIVE;
				CLANG_WARN_UNREACHABLE_CODE = YES;
				CLANG_WARN__DUPLICATE_METHOD_MATCH = YES;
				COPY_PHASE_STRIP = NO;
				DEBUG_INFORMATION_FORMAT = dwarf;
				ENABLE_STRICT_OBJC_MSGSEND = YES;
				ENABLE_TESTABILITY = YES;
				GCC_C_LANGUAGE_STANDARD = gnu11;
				GCC_DYNAMIC_NO_PIC = NO;
				GCC_NO_COMMON_BLOCKS = YES;
				GCC_OPTIMIZATION_LEVEL = 0;
				GCC_PREPROCESSOR_DEFINITIONS = (
					"$(inherited)",
					"DEBUG=1",
				);
				GCC_WARN_64_TO_32_BIT_CONVERSION = YES;
				GCC_WARN_ABOUT_RETURN_TYPE = YES_ERROR;
				GCC_WARN_UNDECLARED_SELECTOR = YES;
				GCC_WARN_UNINITIALIZED_AUTOS = YES_AGGRESSIVE;
				GCC_WARN_UNUSED_FUNCTION = YES;
				GCC_WARN_UNUSED_VARIABLE = YES;
				MACOSX_DEPLOYMENT_TARGET = 12.0;
				MTL_ENABLE_DEBUG_INFO = INCLUDE_SOURCE;
				MTL_FAST_MATH = YES;
				ONLY_ACTIVE_ARCH = YES;
				PRODUCT_NAME = "$(TARGET_NAME)";
				SDKROOT = macosx;
				SWIFT_ACTIVE_COMPILATION_CONDITIONS = DEBUG;
				SWIFT_OPTIMIZATION_LEVEL = "-Onone";
				SWIFT_VERSION = 5.7;
			};
			name = Debug;
		};
		B5E20F326D6A90A2A84E469A /* Debug */ = {
			isa = XCBuildConfiguration;
			buildSettings = {
				ASSETCATALOG_COMPILER_APPICON_NAME = AppIcon;
				CODE_SIGN_STYLE = Automatic;
				COMBINE_HIDPI_IMAGES = YES;
				INFOPLIST_FILE = "数字软盘生成器/Info.plist";
				LD_RUNPATH_SEARCH_PATHS = (
					"$(inherited)",
					"@executable_path/../Frameworks",
				);
				MACOSX_DEPLOYMENT_TARGET = 12.0;
				PRODUCT_BUNDLE_IDENTIFIER = com.digitalfloppy.FloppyQR;
				SDKROOT = macosx;
			};
			name = Debug;
		};
/* End XCBuildConfiguration section */

/* Begin XCConfigurationList section */
		29BA36D7827D5AF875182F02 /* Build configuration list for PBXProject "FloppyQR" */ = {
			isa = XCConfigurationList;
			buildConfigurations = (
				A2E117BCF101258F45B93B75 /* Debug */,
				02DB6E683D51D311D6EF7D6E /* Release */,
			);
			defaultConfigurationIsVisible = 0;
			defaultConfigurationName = Debug;
		};
		461050A9EC2CA103FB71EA9C /* Build configuration list for PBXNativeTarget "FloppyQR" */ = {
			isa = XCConfigurationList;
			buildConfigurations = (
				B5E20F326D6A90A2A84E469A /* Debug */,
				5AE2DB72E376CC9BE520175B /* Release */,
			);
			defaultConfigurationIsVisible = 0;
			defaultConfigurationName = Debug;
		};
/* End XCConfigurationList section */
	};
	rootObject = 936DE8F13EDC4109725C1EBF /* Project object */;
}
